
Microsoft Visual Studio Solution File, Format Version 12.00
# Visual Studio Version 16
VisualStudioVersion = 16.0.28803.352
MinimumVisualStudioVersion = 10.0.40219.1
Project("{FAE04EC0-301F-11D3-BF4B-00C04F79EFBC}") = "BlockbusterLab", "BlockbusterLab\BlockbusterLab.csproj", "{1027D117-7D7D-443C-AE19-84B5D874A1AA}"
EndProject
Global
	GlobalSection(SolutionConfigurationPlatforms) = preSolution
		Debug|Any CPU = Debug|Any CPU
		Release|Any CPU = Release|Any CPU
	EndGlobalSection
	GlobalSection(ProjectConfigurationPlatforms) = postSolution
		{1027D117-7D7D-443C-AE19-84B5D874A1AA}.Debug|Any CPU.ActiveCfg = Debug|Any CPU
		{1027D117-7D7D-443C-AE19-84B5D874A1AA}.Debug|Any CPU.Build.0 = Debug|Any CPU
		{1027D117-7D7D-443C-AE19-84B5D874A1AA}.Release|Any CPU.ActiveCfg = Release|Any CPU
		{1027D117-7D7D-443C-AE19-84B5D874A1AA}.Release|Any CPU.Build.0 = Release|Any CPU
	EndGlobalSection
	GlobalSection(SolutionProperties) = preSolution
		HideSolutionNode = FALSE
	EndGlobalSection
	GlobalSection(ExtensibilityGlobals) = postSolution
		SolutionGuid = {ACDD0F05-5283-4AA3-B22C-1BCAF1D4F2C6}
	EndGlobalSection
EndGlobal
